
Microsoft Visual Studio Solution File, Format Version 12.00
# Visual Studio Version 17
VisualStudioVersion = 17.3.32929.385
MinimumVisualStudioVersion = 10.0.40219.1
Project("{FAE04EC0-301F-11D3-BF4B-00C04F79EFBC}") = "CoffeeMachineAPI", "CoffeeMachineAPI\CoffeeMachineAPI.csproj", "{BA4FDB86-768B-4B52-BA6D-B9E544633C45}"
EndProject
Global
	GlobalSection(SolutionConfigurationPlatforms) = preSolution
		Debug|Any CPU = Debug|Any CPU
		Release|Any CPU = Release|Any CPU
	EndGlobalSection
	GlobalSection(ProjectConfigurationPlatforms) = postSolution
		{BA4FDB86-768B-4B52-BA6D-B9E544633C45}.Debug|Any CPU.ActiveCfg = Debug|Any CPU
		{BA4FDB86-768B-4B52-BA6D-B9E544633C45}.Debug|Any CPU.Build.0 = Debug|Any CPU
		{BA4FDB86-768B-4B52-BA6D-B9E544633C45}.Release|Any CPU.ActiveCfg = Release|Any CPU
		{BA4FDB86-768B-4B52-BA6D-B9E544633C45}.Release|Any CPU.Build.0 = Release|Any CPU
	EndGlobalSection
	GlobalSection(SolutionProperties) = preSolution
		HideSolutionNode = FALSE
	EndGlobalSection
	GlobalSection(ExtensibilityGlobals) = postSolution
		SolutionGuid = {1ECA09BE-E8D0-494C-A4A8-DECD328FE8B7}
	EndGlobalSection
EndGlobal
